
Microsoft Visual Studio Solution File, Format Version 12.00
# Visual Studio Version 17
VisualStudioVersion = 17.14.37012.4 d17.14
MinimumVisualStudioVersion = 10.0.40219.1
Project("{FAE04EC0-301F-11D3-BF4B-00C04F79EFBC}") = "Sistema de Notificação de Jogos", "Sistema de Notificação de Jogos.csproj", "{28946810-31FA-4D03-A666-C08E4E964EF4}"
EndProject
Global
	GlobalSection(SolutionConfigurationPlatforms) = preSolution
		Debug|Any CPU = Debug|Any CPU
		Release|Any CPU = Release|Any CPU
	EndGlobalSection
	GlobalSection(ProjectConfigurationPlatforms) = postSolution
		{28946810-31FA-4D03-A666-C08E4E964EF4}.Debug|Any CPU.ActiveCfg = Debug|Any CPU
		{28946810-31FA-4D03-A666-C08E4E964EF4}.Debug|Any CPU.Build.0 = Debug|Any CPU
		{28946810-31FA-4D03-A666-C08E4E964EF4}.Release|Any CPU.ActiveCfg = Release|Any CPU
		{28946810-31FA-4D03-A666-C08E4E964EF4}.Release|Any CPU.Build.0 = Release|Any CPU
	EndGlobalSection
	GlobalSection(SolutionProperties) = preSolution
		HideSolutionNode = FALSE
	EndGlobalSection
	GlobalSection(ExtensibilityGlobals) = postSolution
		SolutionGuid = {04229A9B-DB81-452F-B02B-F4E72519FD2E}
	EndGlobalSection
EndGlobal
