
Microsoft Visual Studio Solution File, Format Version 12.00
# Visual Studio Version 17
VisualStudioVersion = 17.14.37012.4 d17.14
MinimumVisualStudioVersion = 10.0.40219.1
Project("{FAE04EC0-301F-11D3-BF4B-00C04F79EFBC}") = "exercicio-3", "exercicio-3.csproj", "{C43ED90D-7582-44BE-A0C3-6A94FC83F552}"
EndProject
Global
	GlobalSection(SolutionConfigurationPlatforms) = preSolution
		Debug|Any CPU = Debug|Any CPU
		Release|Any CPU = Release|Any CPU
	EndGlobalSection
	GlobalSection(ProjectConfigurationPlatforms) = postSolution
		{C43ED90D-7582-44BE-A0C3-6A94FC83F552}.Debug|Any CPU.ActiveCfg = Debug|Any CPU
		{C43ED90D-7582-44BE-A0C3-6A94FC83F552}.Debug|Any CPU.Build.0 = Debug|Any CPU
		{C43ED90D-7582-44BE-A0C3-6A94FC83F552}.Release|Any CPU.ActiveCfg = Release|Any CPU
		{C43ED90D-7582-44BE-A0C3-6A94FC83F552}.Release|Any CPU.Build.0 = Release|Any CPU
	EndGlobalSection
	GlobalSection(SolutionProperties) = preSolution
		HideSolutionNode = FALSE
	EndGlobalSection
	GlobalSection(ExtensibilityGlobals) = postSolution
		SolutionGuid = {32CC9552-BB76-4FF6-92F3-6D28C6066E75}
	EndGlobalSection
EndGlobal
