
Microsoft Visual Studio Solution File, Format Version 12.00
# Visual Studio Version 17
VisualStudioVersion = 17.14.37012.4 d17.14
MinimumVisualStudioVersion = 10.0.40219.1
Project("{FAE04EC0-301F-11D3-BF4B-00C04F79EFBC}") = "Exercicio-5", "Exercicio-5.csproj", "{819DBAEA-DCBC-465D-9C25-8EE8D125BE42}"
EndProject
Global
	GlobalSection(SolutionConfigurationPlatforms) = preSolution
		Debug|Any CPU = Debug|Any CPU
		Release|Any CPU = Release|Any CPU
	EndGlobalSection
	GlobalSection(ProjectConfigurationPlatforms) = postSolution
		{819DBAEA-DCBC-465D-9C25-8EE8D125BE42}.Debug|Any CPU.ActiveCfg = Debug|Any CPU
		{819DBAEA-DCBC-465D-9C25-8EE8D125BE42}.Debug|Any CPU.Build.0 = Debug|Any CPU
		{819DBAEA-DCBC-465D-9C25-8EE8D125BE42}.Release|Any CPU.ActiveCfg = Release|Any CPU
		{819DBAEA-DCBC-465D-9C25-8EE8D125BE42}.Release|Any CPU.Build.0 = Release|Any CPU
	EndGlobalSection
	GlobalSection(SolutionProperties) = preSolution
		HideSolutionNode = FALSE
	EndGlobalSection
	GlobalSection(ExtensibilityGlobals) = postSolution
		SolutionGuid = {8BA8C8CD-8FD8-4FFE-B3BE-84561DBAF4C8}
	EndGlobalSection
EndGlobal
