
Microsoft Visual Studio Solution File, Format Version 12.00
# Visual Studio Version 17
VisualStudioVersion = 17.14.37012.4 d17.14
MinimumVisualStudioVersion = 10.0.40219.1
Project("{FAE04EC0-301F-11D3-BF4B-00C04F79EFBC}") = "primeiroOO", "primeiroOO.csproj", "{2BE99965-15DF-4313-9209-A8B991EB6869}"
EndProject
Global
	GlobalSection(SolutionConfigurationPlatforms) = preSolution
		Debug|Any CPU = Debug|Any CPU
		Release|Any CPU = Release|Any CPU
	EndGlobalSection
	GlobalSection(ProjectConfigurationPlatforms) = postSolution
		{2BE99965-15DF-4313-9209-A8B991EB6869}.Debug|Any CPU.ActiveCfg = Debug|Any CPU
		{2BE99965-15DF-4313-9209-A8B991EB6869}.Debug|Any CPU.Build.0 = Debug|Any CPU
		{2BE99965-15DF-4313-9209-A8B991EB6869}.Release|Any CPU.ActiveCfg = Release|Any CPU
		{2BE99965-15DF-4313-9209-A8B991EB6869}.Release|Any CPU.Build.0 = Release|Any CPU
	EndGlobalSection
	GlobalSection(SolutionProperties) = preSolution
		HideSolutionNode = FALSE
	EndGlobalSection
	GlobalSection(ExtensibilityGlobals) = postSolution
		SolutionGuid = {47833402-B228-4DA7-8A11-90FFF2096860}
	EndGlobalSection
EndGlobal
