
Microsoft Visual Studio Solution File, Format Version 12.00
# Visual Studio Version 17
VisualStudioVersion = 17.14.37012.4 d17.14
MinimumVisualStudioVersion = 10.0.40219.1
Project("{FAE04EC0-301F-11D3-BF4B-00C04F79EFBC}") = "exercicio_3", "exercicio_3.csproj", "{DFB74917-DFED-44DD-92E6-0468400AB95A}"
EndProject
Global
	GlobalSection(SolutionConfigurationPlatforms) = preSolution
		Debug|Any CPU = Debug|Any CPU
		Release|Any CPU = Release|Any CPU
	EndGlobalSection
	GlobalSection(ProjectConfigurationPlatforms) = postSolution
		{DFB74917-DFED-44DD-92E6-0468400AB95A}.Debug|Any CPU.ActiveCfg = Debug|Any CPU
		{DFB74917-DFED-44DD-92E6-0468400AB95A}.Debug|Any CPU.Build.0 = Debug|Any CPU
		{DFB74917-DFED-44DD-92E6-0468400AB95A}.Release|Any CPU.ActiveCfg = Release|Any CPU
		{DFB74917-DFED-44DD-92E6-0468400AB95A}.Release|Any CPU.Build.0 = Release|Any CPU
	EndGlobalSection
	GlobalSection(SolutionProperties) = preSolution
		HideSolutionNode = FALSE
	EndGlobalSection
	GlobalSection(ExtensibilityGlobals) = postSolution
		SolutionGuid = {BD084E5E-0548-40F8-BF09-4224B165B519}
	EndGlobalSection
EndGlobal
