
Microsoft Visual Studio Solution File, Format Version 12.00
# Visual Studio Version 17
VisualStudioVersion = 17.14.37012.4 d17.14
MinimumVisualStudioVersion = 10.0.40219.1
Project("{FAE04EC0-301F-11D3-BF4B-00C04F79EFBC}") = "Exercicio-9", "Exercicio-9.csproj", "{C57FD961-563B-49D4-A386-DC12AA088E4A}"
EndProject
Global
	GlobalSection(SolutionConfigurationPlatforms) = preSolution
		Debug|Any CPU = Debug|Any CPU
		Release|Any CPU = Release|Any CPU
	EndGlobalSection
	GlobalSection(ProjectConfigurationPlatforms) = postSolution
		{C57FD961-563B-49D4-A386-DC12AA088E4A}.Debug|Any CPU.ActiveCfg = Debug|Any CPU
		{C57FD961-563B-49D4-A386-DC12AA088E4A}.Debug|Any CPU.Build.0 = Debug|Any CPU
		{C57FD961-563B-49D4-A386-DC12AA088E4A}.Release|Any CPU.ActiveCfg = Release|Any CPU
		{C57FD961-563B-49D4-A386-DC12AA088E4A}.Release|Any CPU.Build.0 = Release|Any CPU
	EndGlobalSection
	GlobalSection(SolutionProperties) = preSolution
		HideSolutionNode = FALSE
	EndGlobalSection
	GlobalSection(ExtensibilityGlobals) = postSolution
		SolutionGuid = {98686021-B6D5-4B13-9448-E1E79DF22E93}
	EndGlobalSection
EndGlobal
