
Microsoft Visual Studio Solution File, Format Version 12.00
# Visual Studio Version 17
VisualStudioVersion = 17.14.37012.4 d17.14
MinimumVisualStudioVersion = 10.0.40219.1
Project("{FAE04EC0-301F-11D3-BF4B-00C04F79EFBC}") = "teste", "teste.csproj", "{FF171F1A-F094-4770-850A-26D59D8E32A7}"
EndProject
Global
	GlobalSection(SolutionConfigurationPlatforms) = preSolution
		Debug|Any CPU = Debug|Any CPU
		Release|Any CPU = Release|Any CPU
	EndGlobalSection
	GlobalSection(ProjectConfigurationPlatforms) = postSolution
		{FF171F1A-F094-4770-850A-26D59D8E32A7}.Debug|Any CPU.ActiveCfg = Debug|Any CPU
		{FF171F1A-F094-4770-850A-26D59D8E32A7}.Debug|Any CPU.Build.0 = Debug|Any CPU
		{FF171F1A-F094-4770-850A-26D59D8E32A7}.Release|Any CPU.ActiveCfg = Release|Any CPU
		{FF171F1A-F094-4770-850A-26D59D8E32A7}.Release|Any CPU.Build.0 = Release|Any CPU
	EndGlobalSection
	GlobalSection(SolutionProperties) = preSolution
		HideSolutionNode = FALSE
	EndGlobalSection
	GlobalSection(ExtensibilityGlobals) = postSolution
		SolutionGuid = {A8C10C09-3CDF-4261-ABBA-37AF6813C563}
	EndGlobalSection
EndGlobal
