
Microsoft Visual Studio Solution File, Format Version 12.00
# Visual Studio Version 17
VisualStudioVersion = 17.14.37012.4 d17.14
MinimumVisualStudioVersion = 10.0.40219.1
Project("{FAE04EC0-301F-11D3-BF4B-00C04F79EFBC}") = "ExercicioPratica", "ExercicioPratica.csproj", "{64695638-8899-416D-B6F1-686FE9863981}"
EndProject
Global
	GlobalSection(SolutionConfigurationPlatforms) = preSolution
		Debug|Any CPU = Debug|Any CPU
		Release|Any CPU = Release|Any CPU
	EndGlobalSection
	GlobalSection(ProjectConfigurationPlatforms) = postSolution
		{64695638-8899-416D-B6F1-686FE9863981}.Debug|Any CPU.ActiveCfg = Debug|Any CPU
		{64695638-8899-416D-B6F1-686FE9863981}.Debug|Any CPU.Build.0 = Debug|Any CPU
		{64695638-8899-416D-B6F1-686FE9863981}.Release|Any CPU.ActiveCfg = Release|Any CPU
		{64695638-8899-416D-B6F1-686FE9863981}.Release|Any CPU.Build.0 = Release|Any CPU
	EndGlobalSection
	GlobalSection(SolutionProperties) = preSolution
		HideSolutionNode = FALSE
	EndGlobalSection
	GlobalSection(ExtensibilityGlobals) = postSolution
		SolutionGuid = {99821868-885A-4566-B504-10F46653A16E}
	EndGlobalSection
EndGlobal
